
Microsoft Visual Studio Solution File, Format Version 12.00
# Visual Studio 2012
Project("{FAE04EC0-301F-11D3-BF4B-00C04F79EFBC}") = "SalesForcePOC", "SalesForcePOC\SalesForcePOC.csproj", "{496E0728-FB3C-4062-81C7-E339BAB9D0CA}"
EndProject
Global
	GlobalSection(SolutionConfigurationPlatforms) = preSolution
		Debug|Any CPU = Debug|Any CPU
		Release|Any CPU = Release|Any CPU
	EndGlobalSection
	GlobalSection(ProjectConfigurationPlatforms) = postSolution
		{496E0728-FB3C-4062-81C7-E339BAB9D0CA}.Debug|Any CPU.ActiveCfg = Debug|Any CPU
		{496E0728-FB3C-4062-81C7-E339BAB9D0CA}.Debug|Any CPU.Build.0 = Debug|Any CPU
		{496E0728-FB3C-4062-81C7-E339BAB9D0CA}.Release|Any CPU.ActiveCfg = Release|Any CPU
		{496E0728-FB3C-4062-81C7-E339BAB9D0CA}.Release|Any CPU.Build.0 = Release|Any CPU
	EndGlobalSection
EndGlobal
